
Microsoft Visual Studio Solution File, Format Version 12.00
# Visual Studio 15
VisualStudioVersion = 15.0.28307.705
MinimumVisualStudioVersion = 10.0.40219.1
Project("{FAE04EC0-301F-11D3-BF4B-00C04F79EFBC}") = "MOTHBALL", "MOTHBALL.csproj", "{0907AEB8-A533-45BF-9DE6-3142D5B09FD6}"
EndProject
Global
	GlobalSection(SolutionConfigurationPlatforms) = preSolution
		Debug|Any CPU = Debug|Any CPU
		Release|Any CPU = Release|Any CPU
	EndGlobalSection
	GlobalSection(ProjectConfigurationPlatforms) = postSolution
		{0907AEB8-A533-45BF-9DE6-3142D5B09FD6}.Debug|Any CPU.ActiveCfg = Debug|Any CPU
		{0907AEB8-A533-45BF-9DE6-3142D5B09FD6}.Debug|Any CPU.Build.0 = Debug|Any CPU
		{0907AEB8-A533-45BF-9DE6-3142D5B09FD6}.Release|Any CPU.ActiveCfg = Release|Any CPU
		{0907AEB8-A533-45BF-9DE6-3142D5B09FD6}.Release|Any CPU.Build.0 = Release|Any CPU
	EndGlobalSection
	GlobalSection(SolutionProperties) = preSolution
		HideSolutionNode = FALSE
	EndGlobalSection
	GlobalSection(ExtensibilityGlobals) = postSolution
		SolutionGuid = {868F6617-BC94-47C5-BACF-743DC4F9167B}
	EndGlobalSection
EndGlobal
